
Microsoft Visual Studio Solution File, Format Version 12.00
# Visual Studio Version 16
VisualStudioVersion = 16.0.31112.23
MinimumVisualStudioVersion = 10.0.40219.1
Project("{8BC9CEB8-8B4A-11D0-8D11-00A0C91BC942}") = "Scalar", "Scalar\Scalar.vcxproj", "{6ECF441F-F044-4081-8020-AF18DE50D813}"
EndProject
Project("{8BC9CEB8-8B4A-11D0-8D11-00A0C91BC942}") = "Vector", "Vector\Vector.vcxproj", "{2DAB6B04-C027-411B-927C-EEFC1762A5B2}"
EndProject
Project("{8BC9CEB8-8B4A-11D0-8D11-00A0C91BC942}") = "Shared", "Shared\Shared.vcxproj", "{305C6D3A-9CE5-4AFE-AEF1-48E2866A00F6}"
EndProject
Global
	GlobalSection(SolutionConfigurationPlatforms) = preSolution
		Debug|x64 = Debug|x64
		Release|x64 = Release|x64
	EndGlobalSection
	GlobalSection(ProjectConfigurationPlatforms) = postSolution
		{6ECF441F-F044-4081-8020-AF18DE50D813}.Debug|x64.ActiveCfg = Debug|x64
		{6ECF441F-F044-4081-8020-AF18DE50D813}.Debug|x64.Build.0 = Debug|x64
		{6ECF441F-F044-4081-8020-AF18DE50D813}.Release|x64.ActiveCfg = Release|x64
		{6ECF441F-F044-4081-8020-AF18DE50D813}.Release|x64.Build.0 = Release|x64
		{2DAB6B04-C027-411B-927C-EEFC1762A5B2}.Debug|x64.ActiveCfg = Debug|x64
		{2DAB6B04-C027-411B-927C-EEFC1762A5B2}.Debug|x64.Build.0 = Debug|x64
		{2DAB6B04-C027-411B-927C-EEFC1762A5B2}.Release|x64.ActiveCfg = Release|x64
		{2DAB6B04-C027-411B-927C-EEFC1762A5B2}.Release|x64.Build.0 = Release|x64
		{305C6D3A-9CE5-4AFE-AEF1-48E2866A00F6}.Debug|x64.ActiveCfg = Debug|x64
		{305C6D3A-9CE5-4AFE-AEF1-48E2866A00F6}.Debug|x64.Build.0 = Debug|x64
		{305C6D3A-9CE5-4AFE-AEF1-48E2866A00F6}.Release|x64.ActiveCfg = Release|x64
		{305C6D3A-9CE5-4AFE-AEF1-48E2866A00F6}.Release|x64.Build.0 = Release|x64
	EndGlobalSection
	GlobalSection(SolutionProperties) = preSolution
		HideSolutionNode = FALSE
	EndGlobalSection
	GlobalSection(ExtensibilityGlobals) = postSolution
		SolutionGuid = {84DB554F-8D3E-4BE2-9C2E-EFFB07F8F17B}
	EndGlobalSection
EndGlobal
